
Microsoft Visual Studio Solution File, Format Version 12.00
# Visual Studio Version 17
VisualStudioVersion = 17.4.33403.182
MinimumVisualStudioVersion = 10.0.40219.1
Project("{8BC9CEB8-8B4A-11D0-8D11-00A0C91BC942}") = "TimeStructure", "TimeStructure.vcxproj", "{BC81400E-FB3D-427F-B71C-95437FC71383}"
EndProject
Global
	GlobalSection(SolutionConfigurationPlatforms) = preSolution
		Debug|x64 = Debug|x64
		Debug|x86 = Debug|x86
		Release|x64 = Release|x64
		Release|x86 = Release|x86
	EndGlobalSection
	GlobalSection(ProjectConfigurationPlatforms) = postSolution
		{BC81400E-FB3D-427F-B71C-95437FC71383}.Debug|x64.ActiveCfg = Debug|x64
		{BC81400E-FB3D-427F-B71C-95437FC71383}.Debug|x64.Build.0 = Debug|x64
		{BC81400E-FB3D-427F-B71C-95437FC71383}.Debug|x86.ActiveCfg = Debug|Win32
		{BC81400E-FB3D-427F-B71C-95437FC71383}.Debug|x86.Build.0 = Debug|Win32
		{BC81400E-FB3D-427F-B71C-95437FC71383}.Release|x64.ActiveCfg = Release|x64
		{BC81400E-FB3D-427F-B71C-95437FC71383}.Release|x64.Build.0 = Release|x64
		{BC81400E-FB3D-427F-B71C-95437FC71383}.Release|x86.ActiveCfg = Release|Win32
		{BC81400E-FB3D-427F-B71C-95437FC71383}.Release|x86.Build.0 = Release|Win32
	EndGlobalSection
	GlobalSection(SolutionProperties) = preSolution
		HideSolutionNode = FALSE
	EndGlobalSection
	GlobalSection(ExtensibilityGlobals) = postSolution
		SolutionGuid = {77563B1C-886F-47FC-A65D-A763DDF88D0D}
	EndGlobalSection
EndGlobal
